
Microsoft Visual Studio Solution File, Format Version 12.00
Project("{2150E333-8FDC-42A3-9474-1A3956D46DE8}") = "proxy", "proxy", "{C8EA5BE2-C87A-4096-986A-0F862A06482A}"
EndProject
Project("{FAE04EC0-301F-11D3-BF4B-00C04F79EFBC}") = "Proxy", "proxy\Proxy\Proxy.csproj", "{D2331B43-57FC-4091-8727-6527504E28DE}"
EndProject
Global
	GlobalSection(SolutionConfigurationPlatforms) = preSolution
		Debug|Any CPU = Debug|Any CPU
		Release|Any CPU = Release|Any CPU
	EndGlobalSection
	GlobalSection(NestedProjects) = preSolution
		{D2331B43-57FC-4091-8727-6527504E28DE} = {C8EA5BE2-C87A-4096-986A-0F862A06482A}
	EndGlobalSection
	GlobalSection(ProjectConfigurationPlatforms) = postSolution
		{D2331B43-57FC-4091-8727-6527504E28DE}.Debug|Any CPU.ActiveCfg = Debug|Any CPU
		{D2331B43-57FC-4091-8727-6527504E28DE}.Debug|Any CPU.Build.0 = Debug|Any CPU
		{D2331B43-57FC-4091-8727-6527504E28DE}.Release|Any CPU.ActiveCfg = Release|Any CPU
		{D2331B43-57FC-4091-8727-6527504E28DE}.Release|Any CPU.Build.0 = Release|Any CPU
	EndGlobalSection
EndGlobal
